
Microsoft Visual Studio Solution File, Format Version 12.00
# Visual Studio 2012
Project("{FAE04EC0-301F-11D3-BF4B-00C04F79EFBC}") = "WpfDevExpress", "WpfDevExpress\WpfDevExpress.csproj", "{F3C6B06E-72AD-4A91-8A5B-B6AAB09E96CB}"
EndProject
Global
	GlobalSection(SolutionConfigurationPlatforms) = preSolution
		Debug|Any CPU = Debug|Any CPU
		Release|Any CPU = Release|Any CPU
	EndGlobalSection
	GlobalSection(ProjectConfigurationPlatforms) = postSolution
		{F3C6B06E-72AD-4A91-8A5B-B6AAB09E96CB}.Debug|Any CPU.ActiveCfg = Debug|Any CPU
		{F3C6B06E-72AD-4A91-8A5B-B6AAB09E96CB}.Debug|Any CPU.Build.0 = Debug|Any CPU
		{F3C6B06E-72AD-4A91-8A5B-B6AAB09E96CB}.Release|Any CPU.ActiveCfg = Release|Any CPU
		{F3C6B06E-72AD-4A91-8A5B-B6AAB09E96CB}.Release|Any CPU.Build.0 = Release|Any CPU
	EndGlobalSection
	GlobalSection(SolutionProperties) = preSolution
		HideSolutionNode = FALSE
	EndGlobalSection
EndGlobal
